
Microsoft Visual Studio Solution File, Format Version 12.00
# Visual Studio 15
VisualStudioVersion = 15.0.26124.0
MinimumVisualStudioVersion = 15.0.26124.0
Project("{FAE04EC0-301F-11D3-BF4B-00C04F79EFBC}") = "domain", "domain\domain.csproj", "{516FA1E7-2F94-4DB1-9E3B-30BEEA5574C6}"
EndProject
Project("{FAE04EC0-301F-11D3-BF4B-00C04F79EFBC}") = "application", "application\application.csproj", "{8E07181F-FDD4-4BC0-9214-B227806C7184}"
EndProject
Project("{FAE04EC0-301F-11D3-BF4B-00C04F79EFBC}") = "api", "api\api.csproj", "{09C023E1-2714-4763-88BF-72C24335F820}"
EndProject
Project("{FAE04EC0-301F-11D3-BF4B-00C04F79EFBC}") = "persistence", "persistence\persistence.csproj", "{9CEE952B-CDAB-44BA-8E3E-48E0868964B2}"
EndProject
Project("{FAE04EC0-301F-11D3-BF4B-00C04F79EFBC}") = "Infrastructure", "Infrastructure\Infrastructure.csproj", "{79D20E12-E131-44F2-9EE1-F4E12AE36B89}"
EndProject
Global
	GlobalSection(SolutionConfigurationPlatforms) = preSolution
		Debug|Any CPU = Debug|Any CPU
		Debug|x64 = Debug|x64
		Debug|x86 = Debug|x86
		Release|Any CPU = Release|Any CPU
		Release|x64 = Release|x64
		Release|x86 = Release|x86
	EndGlobalSection
	GlobalSection(SolutionProperties) = preSolution
		HideSolutionNode = FALSE
	EndGlobalSection
	GlobalSection(ProjectConfigurationPlatforms) = postSolution
		{516FA1E7-2F94-4DB1-9E3B-30BEEA5574C6}.Debug|Any CPU.ActiveCfg = Debug|Any CPU
		{516FA1E7-2F94-4DB1-9E3B-30BEEA5574C6}.Debug|Any CPU.Build.0 = Debug|Any CPU
		{516FA1E7-2F94-4DB1-9E3B-30BEEA5574C6}.Debug|x64.ActiveCfg = Debug|Any CPU
		{516FA1E7-2F94-4DB1-9E3B-30BEEA5574C6}.Debug|x64.Build.0 = Debug|Any CPU
		{516FA1E7-2F94-4DB1-9E3B-30BEEA5574C6}.Debug|x86.ActiveCfg = Debug|Any CPU
		{516FA1E7-2F94-4DB1-9E3B-30BEEA5574C6}.Debug|x86.Build.0 = Debug|Any CPU
		{516FA1E7-2F94-4DB1-9E3B-30BEEA5574C6}.Release|Any CPU.ActiveCfg = Release|Any CPU
		{516FA1E7-2F94-4DB1-9E3B-30BEEA5574C6}.Release|Any CPU.Build.0 = Release|Any CPU
		{516FA1E7-2F94-4DB1-9E3B-30BEEA5574C6}.Release|x64.ActiveCfg = Release|Any CPU
		{516FA1E7-2F94-4DB1-9E3B-30BEEA5574C6}.Release|x64.Build.0 = Release|Any CPU
		{516FA1E7-2F94-4DB1-9E3B-30BEEA5574C6}.Release|x86.ActiveCfg = Release|Any CPU
		{516FA1E7-2F94-4DB1-9E3B-30BEEA5574C6}.Release|x86.Build.0 = Release|Any CPU
		{8E07181F-FDD4-4BC0-9214-B227806C7184}.Debug|Any CPU.ActiveCfg = Debug|Any CPU
		{8E07181F-FDD4-4BC0-9214-B227806C7184}.Debug|Any CPU.Build.0 = Debug|Any CPU
		{8E07181F-FDD4-4BC0-9214-B227806C7184}.Debug|x64.ActiveCfg = Debug|Any CPU
		{8E07181F-FDD4-4BC0-9214-B227806C7184}.Debug|x64.Build.0 = Debug|Any CPU
		{8E07181F-FDD4-4BC0-9214-B227806C7184}.Debug|x86.ActiveCfg = Debug|Any CPU
		{8E07181F-FDD4-4BC0-9214-B227806C7184}.Debug|x86.Build.0 = Debug|Any CPU
		{8E07181F-FDD4-4BC0-9214-B227806C7184}.Release|Any CPU.ActiveCfg = Release|Any CPU
		{8E07181F-FDD4-4BC0-9214-B227806C7184}.Release|Any CPU.Build.0 = Release|Any CPU
		{8E07181F-FDD4-4BC0-9214-B227806C7184}.Release|x64.ActiveCfg = Release|Any CPU
		{8E07181F-FDD4-4BC0-9214-B227806C7184}.Release|x64.Build.0 = Release|Any CPU
		{8E07181F-FDD4-4BC0-9214-B227806C7184}.Release|x86.ActiveCfg = Release|Any CPU
		{8E07181F-FDD4-4BC0-9214-B227806C7184}.Release|x86.Build.0 = Release|Any CPU
		{09C023E1-2714-4763-88BF-72C24335F820}.Debug|Any CPU.ActiveCfg = Debug|Any CPU
		{09C023E1-2714-4763-88BF-72C24335F820}.Debug|Any CPU.Build.0 = Debug|Any CPU
		{09C023E1-2714-4763-88BF-72C24335F820}.Debug|x64.ActiveCfg = Debug|Any CPU
		{09C023E1-2714-4763-88BF-72C24335F820}.Debug|x64.Build.0 = Debug|Any CPU
		{09C023E1-2714-4763-88BF-72C24335F820}.Debug|x86.ActiveCfg = Debug|Any CPU
		{09C023E1-2714-4763-88BF-72C24335F820}.Debug|x86.Build.0 = Debug|Any CPU
		{09C023E1-2714-4763-88BF-72C24335F820}.Release|Any CPU.ActiveCfg = Release|Any CPU
		{09C023E1-2714-4763-88BF-72C24335F820}.Release|Any CPU.Build.0 = Release|Any CPU
		{09C023E1-2714-4763-88BF-72C24335F820}.Release|x64.ActiveCfg = Release|Any CPU
		{09C023E1-2714-4763-88BF-72C24335F820}.Release|x64.Build.0 = Release|Any CPU
		{09C023E1-2714-4763-88BF-72C24335F820}.Release|x86.ActiveCfg = Release|Any CPU
		{09C023E1-2714-4763-88BF-72C24335F820}.Release|x86.Build.0 = Release|Any CPU
		{9CEE952B-CDAB-44BA-8E3E-48E0868964B2}.Debug|Any CPU.ActiveCfg = Debug|Any CPU
		{9CEE952B-CDAB-44BA-8E3E-48E0868964B2}.Debug|Any CPU.Build.0 = Debug|Any CPU
		{9CEE952B-CDAB-44BA-8E3E-48E0868964B2}.Debug|x64.ActiveCfg = Debug|Any CPU
		{9CEE952B-CDAB-44BA-8E3E-48E0868964B2}.Debug|x64.Build.0 = Debug|Any CPU
		{9CEE952B-CDAB-44BA-8E3E-48E0868964B2}.Debug|x86.ActiveCfg = Debug|Any CPU
		{9CEE952B-CDAB-44BA-8E3E-48E0868964B2}.Debug|x86.Build.0 = Debug|Any CPU
		{9CEE952B-CDAB-44BA-8E3E-48E0868964B2}.Release|Any CPU.ActiveCfg = Release|Any CPU
		{9CEE952B-CDAB-44BA-8E3E-48E0868964B2}.Release|Any CPU.Build.0 = Release|Any CPU
		{9CEE952B-CDAB-44BA-8E3E-48E0868964B2}.Release|x64.ActiveCfg = Release|Any CPU
		{9CEE952B-CDAB-44BA-8E3E-48E0868964B2}.Release|x64.Build.0 = Release|Any CPU
		{9CEE952B-CDAB-44BA-8E3E-48E0868964B2}.Release|x86.ActiveCfg = Release|Any CPU
		{9CEE952B-CDAB-44BA-8E3E-48E0868964B2}.Release|x86.Build.0 = Release|Any CPU
		{79D20E12-E131-44F2-9EE1-F4E12AE36B89}.Debug|Any CPU.ActiveCfg = Debug|Any CPU
		{79D20E12-E131-44F2-9EE1-F4E12AE36B89}.Debug|Any CPU.Build.0 = Debug|Any CPU
		{79D20E12-E131-44F2-9EE1-F4E12AE36B89}.Debug|x64.ActiveCfg = Debug|Any CPU
		{79D20E12-E131-44F2-9EE1-F4E12AE36B89}.Debug|x64.Build.0 = Debug|Any CPU
		{79D20E12-E131-44F2-9EE1-F4E12AE36B89}.Debug|x86.ActiveCfg = Debug|Any CPU
		{79D20E12-E131-44F2-9EE1-F4E12AE36B89}.Debug|x86.Build.0 = Debug|Any CPU
		{79D20E12-E131-44F2-9EE1-F4E12AE36B89}.Release|Any CPU.ActiveCfg = Release|Any CPU
		{79D20E12-E131-44F2-9EE1-F4E12AE36B89}.Release|Any CPU.Build.0 = Release|Any CPU
		{79D20E12-E131-44F2-9EE1-F4E12AE36B89}.Release|x64.ActiveCfg = Release|Any CPU
		{79D20E12-E131-44F2-9EE1-F4E12AE36B89}.Release|x64.Build.0 = Release|Any CPU
		{79D20E12-E131-44F2-9EE1-F4E12AE36B89}.Release|x86.ActiveCfg = Release|Any CPU
		{79D20E12-E131-44F2-9EE1-F4E12AE36B89}.Release|x86.Build.0 = Release|Any CPU
	EndGlobalSection
EndGlobal
